
Microsoft Visual Studio Solution File, Format Version 12.00
# Visual Studio Version 17
VisualStudioVersion = 17.9.34616.47
MinimumVisualStudioVersion = 10.0.40219.1
Project("{FAE04EC0-301F-11D3-BF4B-00C04F79EFBC}") = "Projeto 1", "Projeto 1\Projeto 1.csproj", "{517108E5-8EFA-4399-896B-8ED9AAE5D3D5}"
EndProject
Global
	GlobalSection(SolutionConfigurationPlatforms) = preSolution
		Debug|Any CPU = Debug|Any CPU
		Release|Any CPU = Release|Any CPU
	EndGlobalSection
	GlobalSection(ProjectConfigurationPlatforms) = postSolution
		{517108E5-8EFA-4399-896B-8ED9AAE5D3D5}.Debug|Any CPU.ActiveCfg = Debug|Any CPU
		{517108E5-8EFA-4399-896B-8ED9AAE5D3D5}.Debug|Any CPU.Build.0 = Debug|Any CPU
		{517108E5-8EFA-4399-896B-8ED9AAE5D3D5}.Release|Any CPU.ActiveCfg = Release|Any CPU
		{517108E5-8EFA-4399-896B-8ED9AAE5D3D5}.Release|Any CPU.Build.0 = Release|Any CPU
	EndGlobalSection
	GlobalSection(SolutionProperties) = preSolution
		HideSolutionNode = FALSE
	EndGlobalSection
	GlobalSection(ExtensibilityGlobals) = postSolution
		SolutionGuid = {ED2B9B11-E96F-4161-A1C0-68A8FECDAC72}
	EndGlobalSection
EndGlobal
